{
  "name": "mern",
  "lockfileVersion": 3,
  "requires": true,
  "packages": {
    "": {
      "dependencies": {
        "web-vitals": "^4.2.0"
      }
    },
    "node_modules/web-vitals": {
      "version": "4.2.0",
      "resolved": "https://registry.npmjs.org/web-vitals/-/web-vitals-4.2.0.tgz",
      "integrity": "sha512-ohj72kbtVWCpKYMxcbJ+xaOBV3En76hW47j52dG+tEGG36LZQgfFw5yHl9xyjmosy3XUMn8d/GBUAy4YPM839w==",
      "license": "Apache-2.0"
    }
  }
}
